PODS:
  - CCAnimatedTransKit (0.1.2)

DEPENDENCIES:
  - CCAnimatedTransKit (from `../`)

EXTERNAL SOURCES:
  CCAnimatedTransKit:
    :path: "../"

SPEC CHECKSUMS:
  CCAnimatedTransKit: c390977f4debc18b86511431c7cee9ca8df10624

PODFILE CHECKSUM: 09c0946e0f693a98e8120e13c5472016c961aa82

COCOAPODS: 1.7.4
